
Microsoft Visual Studio Solution File, Format Version 12.00
# Visual Studio Version 17
VisualStudioVersion = 17.4.33110.190
MinimumVisualStudioVersion = 10.0.40219.1
Project("{FAE04EC0-301F-11D3-BF4B-00C04F79EFBC}") = "ZavrsniSeminar", "ZavrsniSeminar\ZavrsniSeminar.csproj", "{847A706E-E108-4954-AC8E-44E194B65D6B}"
EndProject
Global
	GlobalSection(SolutionConfigurationPlatforms) = preSolution
		Debug|Any CPU = Debug|Any CPU
		Release|Any CPU = Release|Any CPU
	EndGlobalSection
	GlobalSection(ProjectConfigurationPlatforms) = postSolution
		{847A706E-E108-4954-AC8E-44E194B65D6B}.Debug|Any CPU.ActiveCfg = Debug|Any CPU
		{847A706E-E108-4954-AC8E-44E194B65D6B}.Debug|Any CPU.Build.0 = Debug|Any CPU
		{847A706E-E108-4954-AC8E-44E194B65D6B}.Release|Any CPU.ActiveCfg = Release|Any CPU
		{847A706E-E108-4954-AC8E-44E194B65D6B}.Release|Any CPU.Build.0 = Release|Any CPU
	EndGlobalSection
	GlobalSection(SolutionProperties) = preSolution
		HideSolutionNode = FALSE
	EndGlobalSection
	GlobalSection(ExtensibilityGlobals) = postSolution
		SolutionGuid = {92F31196-DC0B-483A-AA19-3A5AC186D7BE}
	EndGlobalSection
EndGlobal
